
Microsoft Visual Studio Solution File, Format Version 12.00
# Visual Studio 2013
VisualStudioVersion = 12.0.31101.0
MinimumVisualStudioVersion = 10.0.40219.1
Project("{FAE04EC0-301F-11D3-BF4B-00C04F79EFBC}") = "News.Models", "News.Models\News.Models.csproj", "{490AFB93-8416-41EE-ABAB-0BAB922A9B70}"
EndProject
Project("{FAE04EC0-301F-11D3-BF4B-00C04F79EFBC}") = "News.Data", "News.Data\News.Data.csproj", "{7E241A31-E476-48B4-BED3-953E8B066022}"
EndProject
Project("{FAE04EC0-301F-11D3-BF4B-00C04F79EFBC}") = "News.Services", "News.Services\News.Services.csproj", "{E5D36DBB-4B47-40B9-A6EF-118B4756DD06}"
EndProject
Project("{FAE04EC0-301F-11D3-BF4B-00C04F79EFBC}") = "News.RepositoriesTests", "News.RepositoriesTests\News.RepositoriesTests.csproj", "{9C685CF5-9FFD-473F-92D2-3C9464C3B03F}"
EndProject
Project("{FAE04EC0-301F-11D3-BF4B-00C04F79EFBC}") = "News.TestsWithMocking", "News.TestsWithMocking\News.TestsWithMocking.csproj", "{92911E18-F209-49B5-A4E7-0D22C284B7B2}"
EndProject
Project("{FAE04EC0-301F-11D3-BF4B-00C04F79EFBC}") = "News.RespApi.IntergrationTests", "News.RespApi.IntergrationTests\News.RespApi.IntergrationTests.csproj", "{553C6B5D-4F8B-4BF6-B1D2-398F0A731A36}"
EndProject
Global
	GlobalSection(SolutionConfigurationPlatforms) = preSolution
		Debug|Any CPU = Debug|Any CPU
		Release|Any CPU = Release|Any CPU
	EndGlobalSection
	GlobalSection(ProjectConfigurationPlatforms) = postSolution
		{490AFB93-8416-41EE-ABAB-0BAB922A9B70}.Debug|Any CPU.ActiveCfg = Debug|Any CPU
		{490AFB93-8416-41EE-ABAB-0BAB922A9B70}.Debug|Any CPU.Build.0 = Debug|Any CPU
		{490AFB93-8416-41EE-ABAB-0BAB922A9B70}.Release|Any CPU.ActiveCfg = Release|Any CPU
		{490AFB93-8416-41EE-ABAB-0BAB922A9B70}.Release|Any CPU.Build.0 = Release|Any CPU
		{7E241A31-E476-48B4-BED3-953E8B066022}.Debug|Any CPU.ActiveCfg = Debug|Any CPU
		{7E241A31-E476-48B4-BED3-953E8B066022}.Debug|Any CPU.Build.0 = Debug|Any CPU
		{7E241A31-E476-48B4-BED3-953E8B066022}.Release|Any CPU.ActiveCfg = Release|Any CPU
		{7E241A31-E476-48B4-BED3-953E8B066022}.Release|Any CPU.Build.0 = Release|Any CPU
		{E5D36DBB-4B47-40B9-A6EF-118B4756DD06}.Debug|Any CPU.ActiveCfg = Debug|Any CPU
		{E5D36DBB-4B47-40B9-A6EF-118B4756DD06}.Debug|Any CPU.Build.0 = Debug|Any CPU
		{E5D36DBB-4B47-40B9-A6EF-118B4756DD06}.Release|Any CPU.ActiveCfg = Release|Any CPU
		{E5D36DBB-4B47-40B9-A6EF-118B4756DD06}.Release|Any CPU.Build.0 = Release|Any CPU
		{9C685CF5-9FFD-473F-92D2-3C9464C3B03F}.Debug|Any CPU.ActiveCfg = Debug|Any CPU
		{9C685CF5-9FFD-473F-92D2-3C9464C3B03F}.Debug|Any CPU.Build.0 = Debug|Any CPU
		{9C685CF5-9FFD-473F-92D2-3C9464C3B03F}.Release|Any CPU.ActiveCfg = Release|Any CPU
		{9C685CF5-9FFD-473F-92D2-3C9464C3B03F}.Release|Any CPU.Build.0 = Release|Any CPU
		{92911E18-F209-49B5-A4E7-0D22C284B7B2}.Debug|Any CPU.ActiveCfg = Debug|Any CPU
		{92911E18-F209-49B5-A4E7-0D22C284B7B2}.Debug|Any CPU.Build.0 = Debug|Any CPU
		{92911E18-F209-49B5-A4E7-0D22C284B7B2}.Release|Any CPU.ActiveCfg = Release|Any CPU
		{92911E18-F209-49B5-A4E7-0D22C284B7B2}.Release|Any CPU.Build.0 = Release|Any CPU
		{553C6B5D-4F8B-4BF6-B1D2-398F0A731A36}.Debug|Any CPU.ActiveCfg = Debug|Any CPU
		{553C6B5D-4F8B-4BF6-B1D2-398F0A731A36}.Debug|Any CPU.Build.0 = Debug|Any CPU
		{553C6B5D-4F8B-4BF6-B1D2-398F0A731A36}.Release|Any CPU.ActiveCfg = Release|Any CPU
		{553C6B5D-4F8B-4BF6-B1D2-398F0A731A36}.Release|Any CPU.Build.0 = Release|Any CPU
	EndGlobalSection
	GlobalSection(SolutionProperties) = preSolution
		HideSolutionNode = FALSE
	EndGlobalSection
EndGlobal
